
Microsoft Visual Studio Solution File, Format Version 12.00
# Visual Studio Version 16
VisualStudioVersion = 16.0.31005.135
MinimumVisualStudioVersion = 10.0.40219.1
Project("{FAE04EC0-301F-11D3-BF4B-00C04F79EFBC}") = "Toast.Notification", "Toast.Notification\Toast.Notification.csproj", "{20307B74-604F-43E0-8819-05EBCEC3FC41}"
EndProject
Global
	GlobalSection(SolutionConfigurationPlatforms) = preSolution
		Debug|Any CPU = Debug|Any CPU
		Release|Any CPU = Release|Any CPU
	EndGlobalSection
	GlobalSection(ProjectConfigurationPlatforms) = postSolution
		{20307B74-604F-43E0-8819-05EBCEC3FC41}.Debug|Any CPU.ActiveCfg = Debug|Any CPU
		{20307B74-604F-43E0-8819-05EBCEC3FC41}.Debug|Any CPU.Build.0 = Debug|Any CPU
		{20307B74-604F-43E0-8819-05EBCEC3FC41}.Release|Any CPU.ActiveCfg = Release|Any CPU
		{20307B74-604F-43E0-8819-05EBCEC3FC41}.Release|Any CPU.Build.0 = Release|Any CPU
	EndGlobalSection
	GlobalSection(SolutionProperties) = preSolution
		HideSolutionNode = FALSE
	EndGlobalSection
	GlobalSection(ExtensibilityGlobals) = postSolution
		SolutionGuid = {AC1459CE-4D3A-42EC-BDA9-031F91D01120}
	EndGlobalSection
EndGlobal
